
Microsoft Visual Studio Solution File, Format Version 12.00
# Visual Studio Version 16
VisualStudioVersion = 16.0.29215.179
MinimumVisualStudioVersion = 10.0.40219.1
Project("{FAE04EC0-301F-11D3-BF4B-00C04F79EFBC}") = "Events-Delegates-Lamdas", "Events-Delegates-Lamdas\Events-Delegates-Lamdas.csproj", "{C6BA0C74-A9F1-4B1D-8FFC-F9FC77372F1E}"
EndProject
Global
	GlobalSection(SolutionConfigurationPlatforms) = preSolution
		Debug|Any CPU = Debug|Any CPU
		Release|Any CPU = Release|Any CPU
	EndGlobalSection
	GlobalSection(ProjectConfigurationPlatforms) = postSolution
		{C6BA0C74-A9F1-4B1D-8FFC-F9FC77372F1E}.Debug|Any CPU.ActiveCfg = Debug|Any CPU
		{C6BA0C74-A9F1-4B1D-8FFC-F9FC77372F1E}.Debug|Any CPU.Build.0 = Debug|Any CPU
		{C6BA0C74-A9F1-4B1D-8FFC-F9FC77372F1E}.Release|Any CPU.ActiveCfg = Release|Any CPU
		{C6BA0C74-A9F1-4B1D-8FFC-F9FC77372F1E}.Release|Any CPU.Build.0 = Release|Any CPU
	EndGlobalSection
	GlobalSection(SolutionProperties) = preSolution
		HideSolutionNode = FALSE
	EndGlobalSection
	GlobalSection(ExtensibilityGlobals) = postSolution
		SolutionGuid = {1D8E45BC-CDED-41EF-87C5-903865549208}
	EndGlobalSection
EndGlobal
